// !$*UTF8*$!
{
	archiveVersion = 1;
	classes = {
	};
	objectVersion = 46;
	objects = {

/* Begin PBXBuildFile section */
		7CA2B5181CAF9B2B00EC7D71 /* main.m in Sources */ = {isa = PBXBuildFile; fileRef = 7CA2B5171CAF9B2B00EC7D71 /* main.m */; };
		7CA2B51B1CAF9B2B00EC7D71 /* AppDelegate.m in Sources */ = {isa = PBXBuildFile; fileRef = 7CA2B51A1CAF9B2B00EC7D71 /* AppDelegate.m */; };
		7CA2B51E1CAF9B2B00EC7D71 /* ViewController.m in Sources */ = {isa = PBXBuildFile; fileRef = 7CA2B51D1CAF9B2B00EC7D71 /* ViewController.m */; };
		7CA2B5211CAF9B2B00EC7D71 /* Main.storyboard in Resources */ = {isa = PBXBuildFile; fileRef = 7CA2B51F1CAF9B2B00EC7D71 /* Main.storyboard */; };
		7CA2B5231CAF9B2B00EC7D71 /* Assets.xcassets in Resources */ = {isa = PBXBuildFile; fileRef = 7CA2B5221CAF9B2B00EC7D71 /* Assets.xcassets */; };
		7CA2B5261CAF9B2B00EC7D71 /* LaunchScreen.storyboard in Resources */ = {isa = PBXBuildFile; fileRef = 7CA2B5241CAF9B2B00EC7D71 /* LaunchScreen.storyboard */; };
		7CA2B5311CAF9B2B00EC7D71 /* SmartCarTests.m in Sources */ = {isa = PBXBuildFile; fileRef = 7CA2B5301CAF9B2B00EC7D71 /* SmartCarTests.m */; };
		7CA2B53C1CAF9B2B00EC7D71 /* SmartCarUITests.m in Sources */ = {isa = PBXBuildFile; fileRef = 7CA2B53B1CAF9B2B00EC7D71 /* SmartCarUITests.m */; };
/* End PBXBuildFile section */

/* Begin PBXContainerItemProxy section */
		7CA2B52D1CAF9B2B00EC7D71 /* PBXContainerItemProxy */ = {
			isa = PBXContainerItemProxy;
			containerPortal = 7CA2B50B1CAF9B2B00EC7D71 /* Project object */;
			proxyType = 1;
			remoteGlobalIDString = 7CA2B5121CAF9B2B00EC7D71;
			remoteInfo = SmartCar;
		};
		7CA2B5381CAF9B2B00EC7D71 /* PBXContainerItemProxy */ = {
			isa = PBXContainerItemProxy;
			containerPortal = 7CA2B50B1CAF9B2B00EC7D71 /* Project object */;
			proxyType = 1;
			remoteGlobalIDString = 7CA2B5121CAF9B2B00EC7D71;
			remoteInfo = SmartCar;
		};
/* End PBXContainerItemProxy section */

/* Begin PBXFileReference section */
		7CA2B5131CAF9B2B00EC7D71 /* SmartCar.app */ = {isa = PBXFileReference; explicitFileType = wrapper.application; includeInIndex = 0; path = SmartCar.app; sourceTree = BUILT_PRODUCTS_DIR; };
		7CA2B5171CAF9B2B00EC7D71 /* main.m */ = {isa = PBXFileReference; lastKnownFileType = sourcecode.c.objc; path = main.m; sourceTree = "<group>"; };
		7CA2B5191CAF9B2B00EC7D71 /* AppDelegate.h */ = {isa = PBXFileReference; lastKnownFileType = sourcecode.c.h; path = AppDelegate.h; sourceTree = "<group>"; };
		7CA2B51A1CAF9B2B00EC7D71 /* AppDelegate.m */ = {isa = PBXFileReference; lastKnownFileType = sourcecode.c.objc; path = AppDelegate.m; sourceTree = "<group>"; };
		7CA2B51C1CAF9B2B00EC7D71 /* ViewController.h */ = {isa = PBXFileReference; lastKnownFileType = sourcecode.c.h; path = ViewController.h; sourceTree = "<group>"; };
		7CA2B51D1CAF9B2B00EC7D71 /* ViewController.m */ = {isa = PBXFileReference; lastKnownFileType = sourcecode.c.objc; path = ViewController.m; sourceTree = "<group>"; };
		7CA2B5201CAF9B2B00EC7D71 /* Base */ = {isa = PBXFileReference; lastKnownFileType = file.storyboard; name = Base; path = Base.lproj/Main.storyboard; sourceTree = "<group>"; };
		7CA2B5221CAF9B2B00EC7D71 /* Assets.xcassets */ = {isa = PBXFileReference; lastKnownFileType = folder.assetcatalog; path = Assets.xcassets; sourceTree = "<group>"; };
		7CA2B5251CAF9B2B00EC7D71 /* Base */ = {isa = PBXFileReference; lastKnownFileType = file.storyboard; name = Base; path = Base.lproj/LaunchScreen.storyboard; sourceTree = "<group>"; };
		7CA2B5271CAF9B2B00EC7D71 /* Info.plist */ = {isa = PBXFileReference; lastKnownFileType = text.plist.xml; path = Info.plist; sourceTree = "<group>"; };
		7CA2B52C1CAF9B2B00EC7D71 /* SmartCarTests.xctest */ = {isa = PBXFileReference; explicitFileType = wrapper.cfbundle; includeInIndex = 0; path = SmartCarTests.xctest; sourceTree = BUILT_PRODUCTS_DIR; };
		7CA2B5301CAF9B2B00EC7D71 /* SmartCarTests.m */ = {isa = PBXFileReference; lastKnownFileType = sourcecode.c.objc; path = SmartCarTests.m; sourceTree = "<group>"; };
		7CA2B5321CAF9B2B00EC7D71 /* Info.plist */ = {isa = PBXFileReference; lastKnownFileType = text.plist.xml; path = Info.plist; sourceTree = "<group>"; };
		7CA2B5371CAF9B2B00EC7D71 /* SmartCarUITests.xctest */ = {isa = PBXFileReference; explicitFileType = wrapper.cfbundle; includeInIndex = 0; path = SmartCarUITests.xctest; sourceTree = BUILT_PRODUCTS_DIR; };
		7CA2B53B1CAF9B2B00EC7D71 /* SmartCarUITests.m */ = {isa = PBXFileReference; lastKnownFileType = sourcecode.c.objc; path = SmartCarUITests.m; sourceTree = "<group>"; };
		7CA2B53D1CAF9B2B00EC7D71 /* Info.plist */ = {isa = PBXFileReference; lastKnownFileType = text.plist.xml; path = Info.plist; sourceTree = "<group>"; };
/* End PBXFileReference section */

/* Begin PBXFrameworksBuildPhase section */
		7CA2B5101CAF9B2B00EC7D71 /* Frameworks */ = {
			isa = PBXFrameworksBuildPhase;
			buildActionMask = 2147483647;
			files = (
			);
			runOnlyForDeploymentPostprocessing = 0;
		};
		7CA2B5291CAF9B2B00EC7D71 /* Frameworks */ = {
			isa = PBXFrameworksBuildPhase;
			buildActionMask = 2147483647;
			files = (
			);
			runOnlyForDeploymentPostprocessing = 0;
		};
		7CA2B5341CAF9B2B00EC7D71 /* Frameworks */ = {
			isa = PBXFrameworksBuildPhase;
			buildActionMask = 2147483647;
			files = (
			);
			runOnlyForDeploymentPostprocessing = 0;
		};
/* End PBXFrameworksBuildPhase section */

/* Begin PBXGroup section */
		7CA2B50A1CAF9B2B00EC7D71 = {
			isa = PBXGroup;
			children = (
				7CA2B5151CAF9B2B00EC7D71 /* SmartCar */,
				7CA2B52F1CAF9B2B00EC7D71 /* SmartCarTests */,
				7CA2B53A1CAF9B2B00EC7D71 /* SmartCarUITests */,
				7CA2B5141CAF9B2B00EC7D71 /* Products */,
			);
			sourceTree = "<group>";
		};
		7CA2B5141CAF9B2B00EC7D71 /* Products */ = {
			isa = PBXGroup;
			children = (
				7CA2B5131CAF9B2B00EC7D71 /* SmartCar.app */,
				7CA2B52C1CAF9B2B00EC7D71 /* SmartCarTests.xctest */,
				7CA2B5371CAF9B2B00EC7D71 /* SmartCarUITests.xctest */,
			);
			name = Products;
			sourceTree = "<group>";
		};
		7CA2B5151CAF9B2B00EC7D71 /* SmartCar */ = {
			isa = PBXGroup;
			children = (
				7CA2B5191CAF9B2B00EC7D71 /* AppDelegate.h */,
				7CA2B51A1CAF9B2B00EC7D71 /* AppDelegate.m */,
				7CA2B51C1CAF9B2B00EC7D71 /* ViewController.h */,
				7CA2B51D1CAF9B2B00EC7D71 /* ViewController.m */,
				7CA2B51F1CAF9B2B00EC7D71 /* Main.storyboard */,
				7CA2B5221CAF9B2B00EC7D71 /* Assets.xcassets */,
				7CA2B5241CAF9B2B00EC7D71 /* LaunchScreen.storyboard */,
				7CA2B5271CAF9B2B00EC7D71 /* Info.plist */,
				7CA2B5161CAF9B2B00EC7D71 /* Supporting Files */,
			);
			path = SmartCar;
			sourceTree = "<group>";
		};
		7CA2B5161CAF9B2B00EC7D71 /* Supporting Files */ = {
			isa = PBXGroup;
			children = (
				7CA2B5171CAF9B2B00EC7D71 /* main.m */,
			);
			name = "Supporting Files";
			sourceTree = "<group>";
		};
		7CA2B52F1CAF9B2B00EC7D71 /* SmartCarTests */ = {
			isa = PBXGroup;
			children = (
				7CA2B5301CAF9B2B00EC7D71 /* SmartCarTests.m */,
				7CA2B5321CAF9B2B00EC7D71 /* Info.plist */,
			);
			path = SmartCarTests;
			sourceTree = "<group>";
		};
		7CA2B53A1CAF9B2B00EC7D71 /* SmartCarUITests */ = {
			isa = PBXGroup;
			children = (
				7CA2B53B1CAF9B2B00EC7D71 /* SmartCarUITests.m */,
				7CA2B53D1CAF9B2B00EC7D71 /* Info.plist */,
			);
			path = SmartCarUITests;
			sourceTree = "<group>";
		};
/* End PBXGroup section */

/* Begin PBXNativeTarget section */
		7CA2B5121CAF9B2B00EC7D71 /* SmartCar */ = {
			isa = PBXNativeTarget;
			buildConfigurationList = 7CA2B5401CAF9B2B00EC7D71 /* Build configuration list for PBXNativeTarget "SmartCar" */;
			buildPhases = (
				7CA2B50F1CAF9B2B00EC7D71 /* Sources */,
				7CA2B5101CAF9B2B00EC7D71 /* Frameworks */,
				7CA2B5111CAF9B2B00EC7D71 /* Resources */,
			);
			buildRules = (
			);
			dependencies = (
			);
			name = SmartCar;
			productName = SmartCar;
			productReference = 7CA2B5131CAF9B2B00EC7D71 /* SmartCar.app */;
			productType = "com.apple.product-type.application";
		};
		7CA2B52B1CAF9B2B00EC7D71 /* SmartCarTests */ = {
			isa = PBXNativeTarget;
			buildConfigurationList = 7CA2B5431CAF9B2B00EC7D71 /* Build configuration list for PBXNativeTarget "SmartCarTests" */;
			buildPhases = (
				7CA2B5281CAF9B2B00EC7D71 /* Sources */,
				7CA2B5291CAF9B2B00EC7D71 /* Frameworks */,
				7CA2B52A1CAF9B2B00EC7D71 /* Resources */,
			);
			buildRules = (
			);
			dependencies = (
				7CA2B52E1CAF9B2B00EC7D71 /* PBXTargetDependency */,
			);
			name = SmartCarTests;
			productName = SmartCarTests;
			productReference = 7CA2B52C1CAF9B2B00EC7D71 /* SmartCarTests.xctest */;
			productType = "com.apple.product-type.bundle.unit-test";
		};
		7CA2B5361CAF9B2B00EC7D71 /* SmartCarUITests */ = {
			isa = PBXNativeTarget;
			buildConfigurationList = 7CA2B5461CAF9B2B00EC7D71 /* Build configuration list for PBXNativeTarget "SmartCarUITests" */;
			buildPhases = (
				7CA2B5331CAF9B2B00EC7D71 /* Sources */,
				7CA2B5341CAF9B2B00EC7D71 /* Frameworks */,
				7CA2B5351CAF9B2B00EC7D71 /* Resources */,
			);
			buildRules = (
			);
			dependencies = (
				7CA2B5391CAF9B2B00EC7D71 /* PBXTargetDependency */,
			);
			name = SmartCarUITests;
			productName = SmartCarUITests;
			productReference = 7CA2B5371CAF9B2B00EC7D71 /* SmartCarUITests.xctest */;
			productType = "com.apple.product-type.bundle.ui-testing";
		};
/* End PBXNativeTarget section */

/* Begin PBXProject section */
		7CA2B50B1CAF9B2B00EC7D71 /* Project object */ = {
			isa = PBXProject;
			attributes = {
				LastUpgradeCheck = 0720;
				ORGANIZATIONNAME = cslab;
				TargetAttributes = {
					7CA2B5121CAF9B2B00EC7D71 = {
						CreatedOnToolsVersion = 7.2;
					};
					7CA2B52B1CAF9B2B00EC7D71 = {
						CreatedOnToolsVersion = 7.2;
						TestTargetID = 7CA2B5121CAF9B2B00EC7D71;
					};
					7CA2B5361CAF9B2B00EC7D71 = {
						CreatedOnToolsVersion = 7.2;
						TestTargetID = 7CA2B5121CAF9B2B00EC7D71;
					};
				};
			};
			buildConfigurationList = 7CA2B50E1CAF9B2B00EC7D71 /* Build configuration list for PBXProject "SmartCar" */;
			compatibilityVersion = "Xcode 3.2";
			developmentRegion = English;
			hasScannedForEncodings = 0;
			knownRegions = (
				en,
				Base,
			);
			mainGroup = 7CA2B50A1CAF9B2B00EC7D71;
			productRefGroup = 7CA2B5141CAF9B2B00EC7D71 /* Products */;
			projectDirPath = "";
			projectRoot = "";
			targets = (
				7CA2B5121CAF9B2B00EC7D71 /* SmartCar */,
				7CA2B52B1CAF9B2B00EC7D71 /* SmartCarTests */,
				7CA2B5361CAF9B2B00EC7D71 /* SmartCarUITests */,
			);
		};
/* End PBXProject section */

/* Begin PBXResourcesBuildPhase section */
		7CA2B5111CAF9B2B00EC7D71 /* Resources */ = {
			isa = PBXResourcesBuildPhase;
			buildActionMask = 2147483647;
			files = (
				7CA2B5261CAF9B2B00EC7D71 /* LaunchScreen.storyboard in Resources */,
				7CA2B5231CAF9B2B00EC7D71 /* Assets.xcassets in Resources */,
				7CA2B5211CAF9B2B00EC7D71 /* Main.storyboard in Resources */,
			);
			runOnlyForDeploymentPostprocessing = 0;
		};
		7CA2B52A1CAF9B2B00EC7D71 /* Resources */ = {
			isa = PBXResourcesBuildPhase;
			buildActionMask = 2147483647;
			files = (
			);
			runOnlyForDeploymentPostprocessing = 0;
		};
		7CA2B5351CAF9B2B00EC7D71 /* Resources */ = {
			isa = PBXResourcesBuildPhase;
			buildActionMask = 2147483647;
			files = (
			);
			runOnlyForDeploymentPostprocessing = 0;
		};
/* End PBXResourcesBuildPhase section */

/* Begin PBXSourcesBuildPhase section */
		7CA2B50F1CAF9B2B00EC7D71 /* Sources */ = {
			isa = PBXSourcesBuildPhase;
			buildActionMask = 2147483647;
			files = (
				7CA2B51E1CAF9B2B00EC7D71 /* ViewController.m in Sources */,
				7CA2B51B1CAF9B2B00EC7D71 /* AppDelegate.m in Sources */,
				7CA2B5181CAF9B2B00EC7D71 /* main.m in Sources */,
			);
			runOnlyForDeploymentPostprocessing = 0;
		};
		7CA2B5281CAF9B2B00EC7D71 /* Sources */ = {
			isa = PBXSourcesBuildPhase;
			buildActionMask = 2147483647;
			files = (
				7CA2B5311CAF9B2B00EC7D71 /* SmartCarTests.m in Sources */,
			);
			runOnlyForDeploymentPostprocessing = 0;
		};
		7CA2B5331CAF9B2B00EC7D71 /* Sources */ = {
			isa = PBXSourcesBuildPhase;
			buildActionMask = 2147483647;
			files = (
				7CA2B53C1CAF9B2B00EC7D71 /* SmartCarUITests.m in Sources */,
			);
			runOnlyForDeploymentPostprocessing = 0;
		};
/* End PBXSourcesBuildPhase section */

/* Begin PBXTargetDependency section */
		7CA2B52E1CAF9B2B00EC7D71 /* PBXTargetDependency */ = {
			isa = PBXTargetDependency;
			target = 7CA2B5121CAF9B2B00EC7D71 /* SmartCar */;
			targetProxy = 7CA2B52D1CAF9B2B00EC7D71 /* PBXContainerItemProxy */;
		};
		7CA2B5391CAF9B2B00EC7D71 /* PBXTargetDependency */ = {
			isa = PBXTargetDependency;
			target = 7CA2B5121CAF9B2B00EC7D71 /* SmartCar */;
			targetProxy = 7CA2B5381CAF9B2B00EC7D71 /* PBXContainerItemProxy */;
		};
/* End PBXTargetDependency section */

/* Begin PBXVariantGroup section */
		7CA2B51F1CAF9B2B00EC7D71 /* Main.storyboard */ = {
			isa = PBXVariantGroup;
			children = (
				7CA2B5201CAF9B2B00EC7D71 /* Base */,
			);
			name = Main.storyboard;
			sourceTree = "<group>";
		};
		7CA2B5241CAF9B2B00EC7D71 /* LaunchScreen.storyboard */ = {
			isa = PBXVariantGroup;
			children = (
				7CA2B5251CAF9B2B00EC7D71 /* Base */,
			);
			name = LaunchScreen.storyboard;
			sourceTree = "<group>";
		};
/* End PBXVariantGroup section */

/* Begin XCBuildConfiguration section */
		7CA2B53E1CAF9B2B00EC7D71 /* Debug */ = {
			isa = XCBuildConfiguration;
			buildSettings = {
				ALWAYS_SEARCH_USER_PATHS = NO;
				CLANG_CXX_LANGUAGE_STANDARD = "gnu++0x";
				CLANG_CXX_LIBRARY = "libc++";
				CLANG_ENABLE_MODULES = YES;
				CLANG_ENABLE_OBJC_ARC = YES;
				CLANG_WARN_BOOL_CONVERSION = YES;
				CLANG_WARN_CONSTANT_CONVERSION = YES;
				CLANG_WARN_DIRECT_OBJC_ISA_USAGE = YES_ERROR;
				CLANG_WARN_EMPTY_BODY = YES;
				CLANG_WARN_ENUM_CONVERSION = YES;
				CLANG_WARN_INT_CONVERSION = YES;
				CLANG_WARN_OBJC_ROOT_CLASS = YES_ERROR;
				CLANG_WARN_UNREACHABLE_CODE = YES;
				CLANG_WARN__DUPLICATE_METHOD_MATCH = YES;
				"CODE_SIGN_IDENTITY[sdk=iphoneos*]" = "iPhone Developer";
				COPY_PHASE_STRIP = NO;
				DEBUG_INFORMATION_FORMAT = dwarf;
				ENABLE_STRICT_OBJC_MSGSEND = YES;
				ENABLE_TESTABILITY = YES;
				GCC_C_LANGUAGE_STANDARD = gnu99;
				GCC_DYNAMIC_NO_PIC = NO;
				GCC_NO_COMMON_BLOCKS = YES;
				GCC_OPTIMIZATION_LEVEL = 0;
				GCC_PREPROCESSOR_DEFINITIONS = (
					"DEBUG=1",
					"$(inherited)",
				);
				GCC_WARN_64_TO_32_BIT_CONVERSION = YES;
				GCC_WARN_ABOUT_RETURN_TYPE = YES_ERROR;
				GCC_WARN_UNDECLARED_SELECTOR = YES;
				GCC_WARN_UNINITIALIZED_AUTOS = YES_AGGRESSIVE;
				GCC_WARN_UNUSED_FUNCTION = YES;
				GCC_WARN_UNUSED_VARIABLE = YES;
				IPHONEOS_DEPLOYMENT_TARGET = 9.2;
				MTL_ENABLE_DEBUG_INFO = YES;
				ONLY_ACTIVE_ARCH = YES;
				SDKROOT = iphoneos;
				TARGETED_DEVICE_FAMILY = "1,2";
			};
			name = Debug;
		};
		7CA2B53F1CAF9B2B00EC7D71 /* Release */ = {
			isa = XCBuildConfiguration;
			buildSettings = {
				ALWAYS_SEARCH_USER_PATHS = NO;
				CLANG_CXX_LANGUAGE_STANDARD = "gnu++0x";
				CLANG_CXX_LIBRARY = "libc++";
				CLANG_ENABLE_MODULES = YES;
				CLANG_ENABLE_OBJC_ARC = YES;
				CLANG_WARN_BOOL_CONVERSION = YES;
				CLANG_WARN_CONSTANT_CONVERSION = YES;
				CLANG_WARN_DIRECT_OBJC_ISA_USAGE = YES_ERROR;
				CLANG_WARN_EMPTY_BODY = YES;
				CLANG_WARN_ENUM_CONVERSION = YES;
				CLANG_WARN_INT_CONVERSION = YES;
				CLANG_WARN_OBJC_ROOT_CLASS = YES_ERROR;
				CLANG_WARN_UNREACHABLE_CODE = YES;
				CLANG_WARN__DUPLICATE_METHOD_MATCH = YES;
				"CODE_SIGN_IDENTITY[sdk=iphoneos*]" = "iPhone Developer";
				COPY_PHASE_STRIP = NO;
				DEBUG_INFORMATION_FORMAT = "dwarf-with-dsym";
				ENABLE_NS_ASSERTIONS = NO;
				ENABLE_STRICT_OBJC_MSGSEND = YES;
				GCC_C_LANGUAGE_STANDARD = gnu99;
				GCC_NO_COMMON_BLOCKS = YES;
				GCC_WARN_64_TO_32_BIT_CONVERSION = YES;
				GCC_WARN_ABOUT_RETURN_TYPE = YES_ERROR;
				GCC_WARN_UNDECLARED_SELECTOR = YES;
				GCC_WARN_UNINITIALIZED_AUTOS = YES_AGGRESSIVE;
				GCC_WARN_UNUSED_FUNCTION = YES;
				GCC_WARN_UNUSED_VARIABLE = YES;
				IPHONEOS_DEPLOYMENT_TARGET = 9.2;
				MTL_ENABLE_DEBUG_INFO = NO;
				SDKROOT = iphoneos;
				TARGETED_DEVICE_FAMILY = "1,2";
				VALIDATE_PRODUCT = YES;
			};
			name = Release;
		};
		7CA2B5411CAF9B2B00EC7D71 /* Debug */ = {
			isa = XCBuildConfiguration;
			buildSettings = {
				ASSETCATALOG_COMPILER_APPICON_NAME = AppIcon;
				INFOPLIST_FILE = SmartCar/Info.plist;
				LD_RUNPATH_SEARCH_PATHS = "$(inherited) @executable_path/Frameworks";
				PRODUCT_BUNDLE_IDENTIFIER = wangpengyu.SmartCar;
				PRODUCT_NAME = "$(TARGET_NAME)";
			};
			name = Debug;
		};
		7CA2B5421CAF9B2B00EC7D71 /* Release */ = {
			isa = XCBuildConfiguration;
			buildSettings = {
				ASSETCATALOG_COMPILER_APPICON_NAME = AppIcon;
				INFOPLIST_FILE = SmartCar/Info.plist;
				LD_RUNPATH_SEARCH_PATHS = "$(inherited) @executable_path/Frameworks";
				PRODUCT_BUNDLE_IDENTIFIER = wangpengyu.SmartCar;
				PRODUCT_NAME = "$(TARGET_NAME)";
			};
			name = Release;
		};
		7CA2B5441CAF9B2B00EC7D71 /* Debug */ = {
			isa = XCBuildConfiguration;
			buildSettings = {
				BUNDLE_LOADER = "$(TEST_HOST)";
				INFOPLIST_FILE = SmartCarTests/Info.plist;
				LD_RUNPATH_SEARCH_PATHS = "$(inherited) @executable_path/Frameworks @loader_path/Frameworks";
				PRODUCT_BUNDLE_IDENTIFIER = wangpengyu.SmartCarTests;
				PRODUCT_NAME = "$(TARGET_NAME)";
				TEST_HOST = "$(BUILT_PRODUCTS_DIR)/SmartCar.app/SmartCar";
			};
			name = Debug;
		};
		7CA2B5451CAF9B2B00EC7D71 /* Release */ = {
			isa = XCBuildConfiguration;
			buildSettings = {
				BUNDLE_LOADER = "$(TEST_HOST)";
				INFOPLIST_FILE = SmartCarTests/Info.plist;
				LD_RUNPATH_SEARCH_PATHS = "$(inherited) @executable_path/Frameworks @loader_path/Frameworks";
				PRODUCT_BUNDLE_IDENTIFIER = wangpengyu.SmartCarTests;
				PRODUCT_NAME = "$(TARGET_NAME)";
				TEST_HOST = "$(BUILT_PRODUCTS_DIR)/SmartCar.app/SmartCar";
			};
			name = Release;
		};
		7CA2B5471CAF9B2B00EC7D71 /* Debug */ = {
			isa = XCBuildConfiguration;
			buildSettings = {
				INFOPLIST_FILE = SmartCarUITests/Info.plist;
				LD_RUNPATH_SEARCH_PATHS = "$(inherited) @executable_path/Frameworks @loader_path/Frameworks";
				PRODUCT_BUNDLE_IDENTIFIER = wangpengyu.SmartCarUITests;
				PRODUCT_NAME = "$(TARGET_NAME)";
				TEST_TARGET_NAME = SmartCar;
				USES_XCTRUNNER = YES;
			};
			name = Debug;
		};
		7CA2B5481CAF9B2B00EC7D71 /* Release */ = {
			isa = XCBuildConfiguration;
			buildSettings = {
				INFOPLIST_FILE = SmartCarUITests/Info.plist;
				LD_RUNPATH_SEARCH_PATHS = "$(inherited) @executable_path/Frameworks @loader_path/Frameworks";
				PRODUCT_BUNDLE_IDENTIFIER = wangpengyu.SmartCarUITests;
				PRODUCT_NAME = "$(TARGET_NAME)";
				TEST_TARGET_NAME = SmartCar;
				USES_XCTRUNNER = YES;
			};
			name = Release;
		};
/* End XCBuildConfiguration section */

/* Begin XCConfigurationList section */
		7CA2B50E1CAF9B2B00EC7D71 /* Build configuration list for PBXProject "SmartCar" */ = {
			isa = XCConfigurationList;
			buildConfigurations = (
				7CA2B53E1CAF9B2B00EC7D71 /* Debug */,
				7CA2B53F1CAF9B2B00EC7D71 /* Release */,
			);
			defaultConfigurationIsVisible = 0;
			defaultConfigurationName = Release;
		};
		7CA2B5401CAF9B2B00EC7D71 /* Build configuration list for PBXNativeTarget "SmartCar" */ = {
			isa = XCConfigurationList;
			buildConfigurations = (
				7CA2B5411CAF9B2B00EC7D71 /* Debug */,
				7CA2B5421CAF9B2B00EC7D71 /* Release */,
			);
			defaultConfigurationIsVisible = 0;
		};
		7CA2B5431CAF9B2B00EC7D71 /* Build configuration list for PBXNativeTarget "SmartCarTests" */ = {
			isa = XCConfigurationList;
			buildConfigurations = (
				7CA2B5441CAF9B2B00EC7D71 /* Debug */,
				7CA2B5451CAF9B2B00EC7D71 /* Release */,
			);
			defaultConfigurationIsVisible = 0;
		};
		7CA2B5461CAF9B2B00EC7D71 /* Build configuration list for PBXNativeTarget "SmartCarUITests" */ = {
			isa = XCConfigurationList;
			buildConfigurations = (
				7CA2B5471CAF9B2B00EC7D71 /* Debug */,
				7CA2B5481CAF9B2B00EC7D71 /* Release */,
			);
			defaultConfigurationIsVisible = 0;
		};
/* End XCConfigurationList section */
	};
	rootObject = 7CA2B50B1CAF9B2B00EC7D71 /* Project object */;
}
